
Microsoft Visual Studio Solution File, Format Version 12.00
# Visual Studio Version 17
VisualStudioVersion = 17.2.32602.215
MinimumVisualStudioVersion = 10.0.40219.1
Project("{FAE04EC0-301F-11D3-BF4B-00C04F79EFBC}") = "GitlabReports", "src\GitlabReports.csproj", "{F4A42B96-CF72-4B18-A067-D98939D15612}"
EndProject
Global
	GlobalSection(SolutionConfigurationPlatforms) = preSolution
		Debug|Any CPU = Debug|Any CPU
		Release|Any CPU = Release|Any CPU
	EndGlobalSection
	GlobalSection(ProjectConfigurationPlatforms) = postSolution
		{F4A42B96-CF72-4B18-A067-D98939D15612}.Debug|Any CPU.ActiveCfg = Debug|Any CPU
		{F4A42B96-CF72-4B18-A067-D98939D15612}.Debug|Any CPU.Build.0 = Debug|Any CPU
		{F4A42B96-CF72-4B18-A067-D98939D15612}.Release|Any CPU.ActiveCfg = Release|Any CPU
		{F4A42B96-CF72-4B18-A067-D98939D15612}.Release|Any CPU.Build.0 = Release|Any CPU
	EndGlobalSection
	GlobalSection(SolutionProperties) = preSolution
		HideSolutionNode = FALSE
	EndGlobalSection
	GlobalSection(ExtensibilityGlobals) = postSolution
		SolutionGuid = {1BCE321D-6AFA-4F10-8ECF-B398D1AFE3B6}
	EndGlobalSection
EndGlobal
